
Microsoft Visual Studio Solution File, Format Version 12.00
# Visual Studio Version 17
VisualStudioVersion = 17.11.35017.193
MinimumVisualStudioVersion = 10.0.40219.1
Project("{9A19103F-16F7-4668-BE54-9A1E7A4F7556}") = "ProdzpodSpikestripContent", "ProdzpodSpikestripContent\ProdzpodSpikestripContent.csproj", "{86485828-2F5D-40C9-BA26-DAB80E396AEE}"
EndProject
Project("{FAE04EC0-301F-11D3-BF4B-00C04F79EFBC}") = "ProdUnsharedUtils", "ProdUnsharedUtils\ProdUnsharedUtils.csproj", "{2E8096E7-B48D-468E-BB5B-0C68C5AFE113}"
EndProject
Global
	GlobalSection(SolutionConfigurationPlatforms) = preSolution
		Debug|Any CPU = Debug|Any CPU
		Release|Any CPU = Release|Any CPU
	EndGlobalSection
	GlobalSection(ProjectConfigurationPlatforms) = postSolution
		{86485828-2F5D-40C9-BA26-DAB80E396AEE}.Debug|Any CPU.ActiveCfg = Debug|Any CPU
		{86485828-2F5D-40C9-BA26-DAB80E396AEE}.Debug|Any CPU.Build.0 = Debug|Any CPU
		{86485828-2F5D-40C9-BA26-DAB80E396AEE}.Release|Any CPU.ActiveCfg = Release|Any CPU
		{86485828-2F5D-40C9-BA26-DAB80E396AEE}.Release|Any CPU.Build.0 = Release|Any CPU
		{2E8096E7-B48D-468E-BB5B-0C68C5AFE113}.Debug|Any CPU.ActiveCfg = Debug|Any CPU
		{2E8096E7-B48D-468E-BB5B-0C68C5AFE113}.Debug|Any CPU.Build.0 = Debug|Any CPU
		{2E8096E7-B48D-468E-BB5B-0C68C5AFE113}.Release|Any CPU.ActiveCfg = Release|Any CPU
		{2E8096E7-B48D-468E-BB5B-0C68C5AFE113}.Release|Any CPU.Build.0 = Release|Any CPU
	EndGlobalSection
	GlobalSection(SolutionProperties) = preSolution
		HideSolutionNode = FALSE
	EndGlobalSection
	GlobalSection(ExtensibilityGlobals) = postSolution
		SolutionGuid = {BE490A59-E630-444F-9E20-E3A67C834E59}
	EndGlobalSection
EndGlobal
